
Microsoft Visual Studio Solution File, Format Version 12.00
# Visual Studio Version 17
VisualStudioVersion = 17.8.34330.188
MinimumVisualStudioVersion = 10.0.40219.1
Project("{2150E333-8FDC-42A3-9474-1A3956D46DE8}") = "Source", "Source", "{06A10924-61B0-475E-836B-093E4C2E3679}"
EndProject
Project("{2150E333-8FDC-42A3-9474-1A3956D46DE8}") = "Platforms", "Platforms", "{80A94DA1-C79D-4E84-82C0-8079A245E8BE}"
EndProject
Project("{2150E333-8FDC-42A3-9474-1A3956D46DE8}") = "Tests", "Tests", "{1B5BB9C7-FF03-49AD-AA24-0D8AE61C4632}"
EndProject
Project("{9A19103F-16F7-4668-BE54-9A1E7A4F7556}") = "UnoApp2.DataContracts", "UnoApp2.DataContracts\UnoApp2.DataContracts.csproj", "{A61DE6E5-BC56-4AC2-B2AB-1B0A137A0436}"
EndProject
Project("{9A19103F-16F7-4668-BE54-9A1E7A4F7556}") = "UnoApp2", "UnoApp2\UnoApp2.csproj", "{184526D3-474B-401C-8EF3-D51F806972FF}"
EndProject
Project("{9A19103F-16F7-4668-BE54-9A1E7A4F7556}") = "UnoApp2.UITests", "UnoApp2.UITests\UnoApp2.UITests.csproj", "{5213F49F-FB8F-4EC2-AB9C-D41B5383FF32}"
EndProject
Project("{9A19103F-16F7-4668-BE54-9A1E7A4F7556}") = "UnoApp2.Tests", "UnoApp2.Tests\UnoApp2.Tests.csproj", "{6F8B0FB5-C901-458F-A7CE-C8D1DC24E453}"
EndProject
Project("{9A19103F-16F7-4668-BE54-9A1E7A4F7556}") = "UnoApp2.Windows", "UnoApp2.Windows\UnoApp2.Windows.csproj", "{8192383B-43F0-4BAF-A55C-88FEB7FE9E02}"
EndProject
Project("{9A19103F-16F7-4668-BE54-9A1E7A4F7556}") = "UnoApp2.Mobile", "UnoApp2.Mobile\UnoApp2.Mobile.csproj", "{9B339FA8-8AD6-4DE9-BCA4-AA88F20C16E4}"
EndProject
Project("{9A19103F-16F7-4668-BE54-9A1E7A4F7556}") = "UnoApp2.Shared", "UnoApp2.Shared\UnoApp2.Shared.csproj", "{1615E9E6-7554-45C9-BB5C-A6834F72B29E}"
EndProject
Project("{2150E333-8FDC-42A3-9474-1A3956D46DE8}") = "Solution Items", "Solution Items", "{625AE967-2A22-4A08-BEB7-B38191D93AB5}"
	ProjectSection(SolutionItems) = preProject
		.gitignore = .gitignore
		Directory.Build.props = Directory.Build.props
		Directory.Build.targets = Directory.Build.targets
		solution-config.props.sample = solution-config.props.sample
	EndProjectSection
EndProject
Global
	GlobalSection(SolutionConfigurationPlatforms) = preSolution
		Debug|Any CPU = Debug|Any CPU
		Debug|arm64 = Debug|arm64
		Debug|x64 = Debug|x64
		Debug|x86 = Debug|x86
		Release|Any CPU = Release|Any CPU
		Release|arm64 = Release|arm64
		Release|x64 = Release|x64
		Release|x86 = Release|x86
	EndGlobalSection
	GlobalSection(ProjectConfigurationPlatforms) = postSolution
		{A61DE6E5-BC56-4AC2-B2AB-1B0A137A0436}.Debug|Any CPU.ActiveCfg = Debug|Any CPU
		{A61DE6E5-BC56-4AC2-B2AB-1B0A137A0436}.Debug|Any CPU.Build.0 = Debug|Any CPU
		{A61DE6E5-BC56-4AC2-B2AB-1B0A137A0436}.Debug|arm64.ActiveCfg = Debug|Any CPU
		{A61DE6E5-BC56-4AC2-B2AB-1B0A137A0436}.Debug|arm64.Build.0 = Debug|Any CPU
		{A61DE6E5-BC56-4AC2-B2AB-1B0A137A0436}.Debug|x64.ActiveCfg = Debug|Any CPU
		{A61DE6E5-BC56-4AC2-B2AB-1B0A137A0436}.Debug|x64.Build.0 = Debug|Any CPU
		{A61DE6E5-BC56-4AC2-B2AB-1B0A137A0436}.Debug|x86.ActiveCfg = Debug|Any CPU
		{A61DE6E5-BC56-4AC2-B2AB-1B0A137A0436}.Debug|x86.Build.0 = Debug|Any CPU
		{A61DE6E5-BC56-4AC2-B2AB-1B0A137A0436}.Release|Any CPU.ActiveCfg = Release|Any CPU
		{A61DE6E5-BC56-4AC2-B2AB-1B0A137A0436}.Release|Any CPU.Build.0 = Release|Any CPU
		{A61DE6E5-BC56-4AC2-B2AB-1B0A137A0436}.Release|arm64.ActiveCfg = Release|Any CPU
		{A61DE6E5-BC56-4AC2-B2AB-1B0A137A0436}.Release|arm64.Build.0 = Release|Any CPU
		{A61DE6E5-BC56-4AC2-B2AB-1B0A137A0436}.Release|x64.ActiveCfg = Release|Any CPU
		{A61DE6E5-BC56-4AC2-B2AB-1B0A137A0436}.Release|x64.Build.0 = Release|Any CPU
		{A61DE6E5-BC56-4AC2-B2AB-1B0A137A0436}.Release|x86.ActiveCfg = Release|Any CPU
		{A61DE6E5-BC56-4AC2-B2AB-1B0A137A0436}.Release|x86.Build.0 = Release|Any CPU
		{184526D3-474B-401C-8EF3-D51F806972FF}.Debug|Any CPU.ActiveCfg = Debug|Any CPU
		{184526D3-474B-401C-8EF3-D51F806972FF}.Debug|Any CPU.Build.0 = Debug|Any CPU
		{184526D3-474B-401C-8EF3-D51F806972FF}.Debug|arm64.ActiveCfg = Debug|Any CPU
		{184526D3-474B-401C-8EF3-D51F806972FF}.Debug|arm64.Build.0 = Debug|Any CPU
		{184526D3-474B-401C-8EF3-D51F806972FF}.Debug|x64.ActiveCfg = Debug|Any CPU
		{184526D3-474B-401C-8EF3-D51F806972FF}.Debug|x64.Build.0 = Debug|Any CPU
		{184526D3-474B-401C-8EF3-D51F806972FF}.Debug|x86.ActiveCfg = Debug|Any CPU
		{184526D3-474B-401C-8EF3-D51F806972FF}.Debug|x86.Build.0 = Debug|Any CPU
		{184526D3-474B-401C-8EF3-D51F806972FF}.Release|Any CPU.ActiveCfg = Release|Any CPU
		{184526D3-474B-401C-8EF3-D51F806972FF}.Release|Any CPU.Build.0 = Release|Any CPU
		{184526D3-474B-401C-8EF3-D51F806972FF}.Release|arm64.ActiveCfg = Release|Any CPU
		{184526D3-474B-401C-8EF3-D51F806972FF}.Release|arm64.Build.0 = Release|Any CPU
		{184526D3-474B-401C-8EF3-D51F806972FF}.Release|x64.ActiveCfg = Release|Any CPU
		{184526D3-474B-401C-8EF3-D51F806972FF}.Release|x64.Build.0 = Release|Any CPU
		{184526D3-474B-401C-8EF3-D51F806972FF}.Release|x86.ActiveCfg = Release|Any CPU
		{184526D3-474B-401C-8EF3-D51F806972FF}.Release|x86.Build.0 = Release|Any CPU
		{5213F49F-FB8F-4EC2-AB9C-D41B5383FF32}.Debug|Any CPU.ActiveCfg = Debug|Any CPU
		{5213F49F-FB8F-4EC2-AB9C-D41B5383FF32}.Debug|Any CPU.Build.0 = Debug|Any CPU
		{5213F49F-FB8F-4EC2-AB9C-D41B5383FF32}.Debug|arm64.ActiveCfg = Debug|Any CPU
		{5213F49F-FB8F-4EC2-AB9C-D41B5383FF32}.Debug|arm64.Build.0 = Debug|Any CPU
		{5213F49F-FB8F-4EC2-AB9C-D41B5383FF32}.Debug|x64.ActiveCfg = Debug|Any CPU
		{5213F49F-FB8F-4EC2-AB9C-D41B5383FF32}.Debug|x64.Build.0 = Debug|Any CPU
		{5213F49F-FB8F-4EC2-AB9C-D41B5383FF32}.Debug|x86.ActiveCfg = Debug|Any CPU
		{5213F49F-FB8F-4EC2-AB9C-D41B5383FF32}.Debug|x86.Build.0 = Debug|Any CPU
		{5213F49F-FB8F-4EC2-AB9C-D41B5383FF32}.Release|Any CPU.ActiveCfg = Release|Any CPU
		{5213F49F-FB8F-4EC2-AB9C-D41B5383FF32}.Release|Any CPU.Build.0 = Release|Any CPU
		{5213F49F-FB8F-4EC2-AB9C-D41B5383FF32}.Release|arm64.ActiveCfg = Release|Any CPU
		{5213F49F-FB8F-4EC2-AB9C-D41B5383FF32}.Release|arm64.Build.0 = Release|Any CPU
		{5213F49F-FB8F-4EC2-AB9C-D41B5383FF32}.Release|x64.ActiveCfg = Release|Any CPU
		{5213F49F-FB8F-4EC2-AB9C-D41B5383FF32}.Release|x64.Build.0 = Release|Any CPU
		{5213F49F-FB8F-4EC2-AB9C-D41B5383FF32}.Release|x86.ActiveCfg = Release|Any CPU
		{5213F49F-FB8F-4EC2-AB9C-D41B5383FF32}.Release|x86.Build.0 = Release|Any CPU
		{6F8B0FB5-C901-458F-A7CE-C8D1DC24E453}.Debug|Any CPU.ActiveCfg = Debug|Any CPU
		{6F8B0FB5-C901-458F-A7CE-C8D1DC24E453}.Debug|Any CPU.Build.0 = Debug|Any CPU
		{6F8B0FB5-C901-458F-A7CE-C8D1DC24E453}.Debug|arm64.ActiveCfg = Debug|Any CPU
		{6F8B0FB5-C901-458F-A7CE-C8D1DC24E453}.Debug|arm64.Build.0 = Debug|Any CPU
		{6F8B0FB5-C901-458F-A7CE-C8D1DC24E453}.Debug|x64.ActiveCfg = Debug|Any CPU
		{6F8B0FB5-C901-458F-A7CE-C8D1DC24E453}.Debug|x64.Build.0 = Debug|Any CPU
		{6F8B0FB5-C901-458F-A7CE-C8D1DC24E453}.Debug|x86.ActiveCfg = Debug|Any CPU
		{6F8B0FB5-C901-458F-A7CE-C8D1DC24E453}.Debug|x86.Build.0 = Debug|Any CPU
		{6F8B0FB5-C901-458F-A7CE-C8D1DC24E453}.Release|Any CPU.ActiveCfg = Release|Any CPU
		{6F8B0FB5-C901-458F-A7CE-C8D1DC24E453}.Release|Any CPU.Build.0 = Release|Any CPU
		{6F8B0FB5-C901-458F-A7CE-C8D1DC24E453}.Release|arm64.ActiveCfg = Release|Any CPU
		{6F8B0FB5-C901-458F-A7CE-C8D1DC24E453}.Release|arm64.Build.0 = Release|Any CPU
		{6F8B0FB5-C901-458F-A7CE-C8D1DC24E453}.Release|x64.ActiveCfg = Release|Any CPU
		{6F8B0FB5-C901-458F-A7CE-C8D1DC24E453}.Release|x64.Build.0 = Release|Any CPU
		{6F8B0FB5-C901-458F-A7CE-C8D1DC24E453}.Release|x86.ActiveCfg = Release|Any CPU
		{6F8B0FB5-C901-458F-A7CE-C8D1DC24E453}.Release|x86.Build.0 = Release|Any CPU
		{8192383B-43F0-4BAF-A55C-88FEB7FE9E02}.Debug|Any CPU.ActiveCfg = Debug|x64
		{8192383B-43F0-4BAF-A55C-88FEB7FE9E02}.Debug|Any CPU.Build.0 = Debug|x64
		{8192383B-43F0-4BAF-A55C-88FEB7FE9E02}.Debug|Any CPU.Deploy.0 = Debug|x64
		{8192383B-43F0-4BAF-A55C-88FEB7FE9E02}.Debug|arm64.ActiveCfg = Debug|arm64
		{8192383B-43F0-4BAF-A55C-88FEB7FE9E02}.Debug|arm64.Build.0 = Debug|arm64
		{8192383B-43F0-4BAF-A55C-88FEB7FE9E02}.Debug|arm64.Deploy.0 = Debug|arm64
		{8192383B-43F0-4BAF-A55C-88FEB7FE9E02}.Debug|x64.ActiveCfg = Debug|x64
		{8192383B-43F0-4BAF-A55C-88FEB7FE9E02}.Debug|x64.Build.0 = Debug|x64
		{8192383B-43F0-4BAF-A55C-88FEB7FE9E02}.Debug|x64.Deploy.0 = Debug|x64
		{8192383B-43F0-4BAF-A55C-88FEB7FE9E02}.Debug|x86.ActiveCfg = Debug|x86
		{8192383B-43F0-4BAF-A55C-88FEB7FE9E02}.Debug|x86.Build.0 = Debug|x86
		{8192383B-43F0-4BAF-A55C-88FEB7FE9E02}.Debug|x86.Deploy.0 = Debug|x86
		{8192383B-43F0-4BAF-A55C-88FEB7FE9E02}.Release|Any CPU.ActiveCfg = Release|x64
		{8192383B-43F0-4BAF-A55C-88FEB7FE9E02}.Release|Any CPU.Build.0 = Release|x64
		{8192383B-43F0-4BAF-A55C-88FEB7FE9E02}.Release|Any CPU.Deploy.0 = Release|x64
		{8192383B-43F0-4BAF-A55C-88FEB7FE9E02}.Release|arm64.ActiveCfg = Release|arm64
		{8192383B-43F0-4BAF-A55C-88FEB7FE9E02}.Release|arm64.Build.0 = Release|arm64
		{8192383B-43F0-4BAF-A55C-88FEB7FE9E02}.Release|arm64.Deploy.0 = Release|arm64
		{8192383B-43F0-4BAF-A55C-88FEB7FE9E02}.Release|x64.ActiveCfg = Release|x64
		{8192383B-43F0-4BAF-A55C-88FEB7FE9E02}.Release|x64.Build.0 = Release|x64
		{8192383B-43F0-4BAF-A55C-88FEB7FE9E02}.Release|x64.Deploy.0 = Release|x64
		{8192383B-43F0-4BAF-A55C-88FEB7FE9E02}.Release|x86.ActiveCfg = Release|x86
		{8192383B-43F0-4BAF-A55C-88FEB7FE9E02}.Release|x86.Build.0 = Release|x86
		{8192383B-43F0-4BAF-A55C-88FEB7FE9E02}.Release|x86.Deploy.0 = Release|x86
		{9B339FA8-8AD6-4DE9-BCA4-AA88F20C16E4}.Debug|Any CPU.ActiveCfg = Debug|Any CPU
		{9B339FA8-8AD6-4DE9-BCA4-AA88F20C16E4}.Debug|Any CPU.Build.0 = Debug|Any CPU
		{9B339FA8-8AD6-4DE9-BCA4-AA88F20C16E4}.Debug|Any CPU.Deploy.0 = Debug|Any CPU
		{9B339FA8-8AD6-4DE9-BCA4-AA88F20C16E4}.Debug|arm64.ActiveCfg = Debug|Any CPU
		{9B339FA8-8AD6-4DE9-BCA4-AA88F20C16E4}.Debug|arm64.Build.0 = Debug|Any CPU
		{9B339FA8-8AD6-4DE9-BCA4-AA88F20C16E4}.Debug|x64.ActiveCfg = Debug|Any CPU
		{9B339FA8-8AD6-4DE9-BCA4-AA88F20C16E4}.Debug|x64.Build.0 = Debug|Any CPU
		{9B339FA8-8AD6-4DE9-BCA4-AA88F20C16E4}.Debug|x86.ActiveCfg = Debug|Any CPU
		{9B339FA8-8AD6-4DE9-BCA4-AA88F20C16E4}.Debug|x86.Build.0 = Debug|Any CPU
		{9B339FA8-8AD6-4DE9-BCA4-AA88F20C16E4}.Release|Any CPU.ActiveCfg = Release|Any CPU
		{9B339FA8-8AD6-4DE9-BCA4-AA88F20C16E4}.Release|Any CPU.Build.0 = Release|Any CPU
		{9B339FA8-8AD6-4DE9-BCA4-AA88F20C16E4}.Release|Any CPU.Deploy.0 = Release|Any CPU
		{9B339FA8-8AD6-4DE9-BCA4-AA88F20C16E4}.Release|arm64.ActiveCfg = Release|Any CPU
		{9B339FA8-8AD6-4DE9-BCA4-AA88F20C16E4}.Release|arm64.Build.0 = Release|Any CPU
		{9B339FA8-8AD6-4DE9-BCA4-AA88F20C16E4}.Release|x64.ActiveCfg = Release|Any CPU
		{9B339FA8-8AD6-4DE9-BCA4-AA88F20C16E4}.Release|x64.Build.0 = Release|Any CPU
		{9B339FA8-8AD6-4DE9-BCA4-AA88F20C16E4}.Release|x86.ActiveCfg = Release|Any CPU
		{9B339FA8-8AD6-4DE9-BCA4-AA88F20C16E4}.Release|x86.Build.0 = Release|Any CPU
		{1615E9E6-7554-45C9-BB5C-A6834F72B29E}.Debug|Any CPU.ActiveCfg = Debug|Any CPU
		{1615E9E6-7554-45C9-BB5C-A6834F72B29E}.Debug|Any CPU.Build.0 = Debug|Any CPU
		{1615E9E6-7554-45C9-BB5C-A6834F72B29E}.Debug|arm64.ActiveCfg = Debug|Any CPU
		{1615E9E6-7554-45C9-BB5C-A6834F72B29E}.Debug|arm64.Build.0 = Debug|Any CPU
		{1615E9E6-7554-45C9-BB5C-A6834F72B29E}.Debug|x64.ActiveCfg = Debug|Any CPU
		{1615E9E6-7554-45C9-BB5C-A6834F72B29E}.Debug|x64.Build.0 = Debug|Any CPU
		{1615E9E6-7554-45C9-BB5C-A6834F72B29E}.Debug|x86.ActiveCfg = Debug|Any CPU
		{1615E9E6-7554-45C9-BB5C-A6834F72B29E}.Debug|x86.Build.0 = Debug|Any CPU
		{1615E9E6-7554-45C9-BB5C-A6834F72B29E}.Release|Any CPU.ActiveCfg = Release|Any CPU
		{1615E9E6-7554-45C9-BB5C-A6834F72B29E}.Release|Any CPU.Build.0 = Release|Any CPU
		{1615E9E6-7554-45C9-BB5C-A6834F72B29E}.Release|arm64.ActiveCfg = Release|Any CPU
		{1615E9E6-7554-45C9-BB5C-A6834F72B29E}.Release|arm64.Build.0 = Release|Any CPU
		{1615E9E6-7554-45C9-BB5C-A6834F72B29E}.Release|x64.ActiveCfg = Release|Any CPU
		{1615E9E6-7554-45C9-BB5C-A6834F72B29E}.Release|x64.Build.0 = Release|Any CPU
		{1615E9E6-7554-45C9-BB5C-A6834F72B29E}.Release|x86.ActiveCfg = Release|Any CPU
		{1615E9E6-7554-45C9-BB5C-A6834F72B29E}.Release|x86.Build.0 = Release|Any CPU
	EndGlobalSection
	GlobalSection(SolutionProperties) = preSolution
		HideSolutionNode = FALSE
	EndGlobalSection
	GlobalSection(NestedProjects) = preSolution
		{80A94DA1-C79D-4E84-82C0-8079A245E8BE} = {06A10924-61B0-475E-836B-093E4C2E3679}
		{A61DE6E5-BC56-4AC2-B2AB-1B0A137A0436} = {06A10924-61B0-475E-836B-093E4C2E3679}
		{184526D3-474B-401C-8EF3-D51F806972FF} = {06A10924-61B0-475E-836B-093E4C2E3679}
		{5213F49F-FB8F-4EC2-AB9C-D41B5383FF32} = {1B5BB9C7-FF03-49AD-AA24-0D8AE61C4632}
		{6F8B0FB5-C901-458F-A7CE-C8D1DC24E453} = {1B5BB9C7-FF03-49AD-AA24-0D8AE61C4632}
		{8192383B-43F0-4BAF-A55C-88FEB7FE9E02} = {80A94DA1-C79D-4E84-82C0-8079A245E8BE}
		{9B339FA8-8AD6-4DE9-BCA4-AA88F20C16E4} = {80A94DA1-C79D-4E84-82C0-8079A245E8BE}
		{1615E9E6-7554-45C9-BB5C-A6834F72B29E} = {80A94DA1-C79D-4E84-82C0-8079A245E8BE}
	EndGlobalSection
	GlobalSection(ExtensibilityGlobals) = postSolution
		SolutionGuid = {3E096DE0-637B-41AF-87B9-F07F003BD07F}
	EndGlobalSection
EndGlobal
